{
  "name": "jerry",
  "version": "0.0.1",
  "lockfileVersion": 1,
  "requires": true,
  "dependencies": {
    "ben-loves-vectors": {
      "version": "0.0.3",
      "resolved": "https://registry.npmjs.org/ben-loves-vectors/-/ben-loves-vectors-0.0.3.tgz",
      "integrity": "sha512-gioF2uak2ClD6ouGHjnwzs+NGXI4yoZPI9kkrSBFbzgf/h6uj3T+jfJj/ZunNVqAv4+pZLwwKiOM6xIf6HuYrA=="
    }
  }
}
