{
  "requires": true,
  "lockfileVersion": 1,
  "dependencies": {
    "ben-loves-vectors": {
      "version": "0.0.1",
      "resolved": "https://registry.npmjs.org/ben-loves-vectors/-/ben-loves-vectors-0.0.1.tgz",
      "integrity": "sha512-N4byte4OXADvfSwkisxXjo074yH8wV5ZNhLU0Rhku2bt3C+lnCa7hXPtmhhn+mLjRxTpSpWEg8PbDO13bKhc1Q=="
    }
  }
}
